
Microsoft Visual Studio Solution File, Format Version 12.00
# Visual Studio Version 17
VisualStudioVersion = 17.11.35312.102
MinimumVisualStudioVersion = 10.0.40219.1
Project("{FAE04EC0-301F-11D3-BF4B-00C04F79EFBC}") = "JobDistribuicao", "JobDistribuicao\JobDistribuicao.csproj", "{27341613-E159-4763-AEA9-D03C35F49E17}"
EndProject
Global
	GlobalSection(SolutionConfigurationPlatforms) = preSolution
		Debug|Any CPU = Debug|Any CPU
		Release|Any CPU = Release|Any CPU
	EndGlobalSection
	GlobalSection(ProjectConfigurationPlatforms) = postSolution
		{27341613-E159-4763-AEA9-D03C35F49E17}.Debug|Any CPU.ActiveCfg = Debug|Any CPU
		{27341613-E159-4763-AEA9-D03C35F49E17}.Debug|Any CPU.Build.0 = Debug|Any CPU
		{27341613-E159-4763-AEA9-D03C35F49E17}.Release|Any CPU.ActiveCfg = Release|Any CPU
		{27341613-E159-4763-AEA9-D03C35F49E17}.Release|Any CPU.Build.0 = Release|Any CPU
	EndGlobalSection
	GlobalSection(SolutionProperties) = preSolution
		HideSolutionNode = FALSE
	EndGlobalSection
	GlobalSection(ExtensibilityGlobals) = postSolution
		SolutionGuid = {EADFB3F7-C522-41DD-9188-6BC27CC9DCB9}
	EndGlobalSection
EndGlobal
